
Microsoft Visual Studio Solution File, Format Version 12.00
# Visual Studio Version 17
VisualStudioVersion = 17.3.32825.248
MinimumVisualStudioVersion = 10.0.40219.1
Project("{FAE04EC0-301F-11D3-BF4B-00C04F79EFBC}") = "Suppliers.DataModel", "Suppliers.DataModel\Suppliers.DataModel.csproj", "{C986F784-2B10-4C61-8CB5-26552ABC74B7}"
EndProject
Project("{FAE04EC0-301F-11D3-BF4B-00C04F79EFBC}") = "Suppliers.App", "Suppliers.App\Suppliers.App.csproj", "{71009B1D-4A9D-4329-996E-9CE78FB4EA02}"
EndProject
Global
	GlobalSection(SolutionConfigurationPlatforms) = preSolution
		Debug|Any CPU = Debug|Any CPU
		Release|Any CPU = Release|Any CPU
	EndGlobalSection
	GlobalSection(ProjectConfigurationPlatforms) = postSolution
		{C986F784-2B10-4C61-8CB5-26552ABC74B7}.Debug|Any CPU.ActiveCfg = Debug|Any CPU
		{C986F784-2B10-4C61-8CB5-26552ABC74B7}.Debug|Any CPU.Build.0 = Debug|Any CPU
		{C986F784-2B10-4C61-8CB5-26552ABC74B7}.Release|Any CPU.ActiveCfg = Release|Any CPU
		{C986F784-2B10-4C61-8CB5-26552ABC74B7}.Release|Any CPU.Build.0 = Release|Any CPU
		{71009B1D-4A9D-4329-996E-9CE78FB4EA02}.Debug|Any CPU.ActiveCfg = Debug|Any CPU
		{71009B1D-4A9D-4329-996E-9CE78FB4EA02}.Debug|Any CPU.Build.0 = Debug|Any CPU
		{71009B1D-4A9D-4329-996E-9CE78FB4EA02}.Release|Any CPU.ActiveCfg = Release|Any CPU
		{71009B1D-4A9D-4329-996E-9CE78FB4EA02}.Release|Any CPU.Build.0 = Release|Any CPU
	EndGlobalSection
	GlobalSection(SolutionProperties) = preSolution
		HideSolutionNode = FALSE
	EndGlobalSection
	GlobalSection(ExtensibilityGlobals) = postSolution
		SolutionGuid = {3C30C964-5D18-4E74-A9CF-F476CF0A8DAB}
	EndGlobalSection
EndGlobal
